
Microsoft Visual Studio Solution File, Format Version 12.00
# Visual Studio Version 17
VisualStudioVersion = 17.0.31825.309
MinimumVisualStudioVersion = 10.0.40219.1
Project("{FAE04EC0-301F-11D3-BF4B-00C04F79EFBC}") = "Controls.UWP", "Controls.UWP\Controls.UWP.csproj", "{20D8F69E-2370-4D74-A269-CD87325272D3}"
EndProject
Project("{FAE04EC0-301F-11D3-BF4B-00C04F79EFBC}") = "Controls.Android", "Controls.Android\Controls.Android.csproj", "{68314370-98EC-44A4-A2CB-BD6C6997DFDF}"
EndProject
Project("{FAE04EC0-301F-11D3-BF4B-00C04F79EFBC}") = "Controls.iOS", "Controls.iOS\Controls.iOS.csproj", "{A38DCFCD-A253-4CAA-BA13-05FF64EB4D24}"
EndProject
Project("{FAE04EC0-301F-11D3-BF4B-00C04F79EFBC}") = "Controls", "Controls\Controls.csproj", "{E7FF0D7C-B40A-495E-816F-810C483B415A}"
EndProject
Global
	GlobalSection(SolutionConfigurationPlatforms) = preSolution
		Debug|Any CPU = Debug|Any CPU
		Debug|ARM = Debug|ARM
		Debug|iPhone = Debug|iPhone
		Debug|iPhoneSimulator = Debug|iPhoneSimulator
		Debug|x64 = Debug|x64
		Debug|x86 = Debug|x86
		Release|Any CPU = Release|Any CPU
		Release|ARM = Release|ARM
		Release|iPhone = Release|iPhone
		Release|iPhoneSimulator = Release|iPhoneSimulator
		Release|x64 = Release|x64
		Release|x86 = Release|x86
	EndGlobalSection
	GlobalSection(ProjectConfigurationPlatforms) = postSolution
		{20D8F69E-2370-4D74-A269-CD87325272D3}.Debug|Any CPU.ActiveCfg = Debug|x64
		{20D8F69E-2370-4D74-A269-CD87325272D3}.Debug|Any CPU.Build.0 = Debug|x64
		{20D8F69E-2370-4D74-A269-CD87325272D3}.Debug|Any CPU.Deploy.0 = Debug|x64
		{20D8F69E-2370-4D74-A269-CD87325272D3}.Debug|ARM.ActiveCfg = Debug|ARM
		{20D8F69E-2370-4D74-A269-CD87325272D3}.Debug|ARM.Build.0 = Debug|ARM
		{20D8F69E-2370-4D74-A269-CD87325272D3}.Debug|ARM.Deploy.0 = Debug|ARM
		{20D8F69E-2370-4D74-A269-CD87325272D3}.Debug|iPhone.ActiveCfg = Debug|x64
		{20D8F69E-2370-4D74-A269-CD87325272D3}.Debug|iPhone.Build.0 = Debug|x64
		{20D8F69E-2370-4D74-A269-CD87325272D3}.Debug|iPhone.Deploy.0 = Debug|x64
		{20D8F69E-2370-4D74-A269-CD87325272D3}.Debug|iPhoneSimulator.ActiveCfg = Debug|x64
		{20D8F69E-2370-4D74-A269-CD87325272D3}.Debug|iPhoneSimulator.Build.0 = Debug|x64
		{20D8F69E-2370-4D74-A269-CD87325272D3}.Debug|iPhoneSimulator.Deploy.0 = Debug|x64
		{20D8F69E-2370-4D74-A269-CD87325272D3}.Debug|x64.ActiveCfg = Debug|x64
		{20D8F69E-2370-4D74-A269-CD87325272D3}.Debug|x64.Build.0 = Debug|x64
		{20D8F69E-2370-4D74-A269-CD87325272D3}.Debug|x64.Deploy.0 = Debug|x64
		{20D8F69E-2370-4D74-A269-CD87325272D3}.Debug|x86.ActiveCfg = Debug|x86
		{20D8F69E-2370-4D74-A269-CD87325272D3}.Debug|x86.Build.0 = Debug|x86
		{20D8F69E-2370-4D74-A269-CD87325272D3}.Debug|x86.Deploy.0 = Debug|x86
		{20D8F69E-2370-4D74-A269-CD87325272D3}.Release|Any CPU.ActiveCfg = Release|x64
		{20D8F69E-2370-4D74-A269-CD87325272D3}.Release|Any CPU.Build.0 = Release|x64
		{20D8F69E-2370-4D74-A269-CD87325272D3}.Release|Any CPU.Deploy.0 = Release|x64
		{20D8F69E-2370-4D74-A269-CD87325272D3}.Release|ARM.ActiveCfg = Release|ARM
		{20D8F69E-2370-4D74-A269-CD87325272D3}.Release|ARM.Build.0 = Release|ARM
		{20D8F69E-2370-4D74-A269-CD87325272D3}.Release|ARM.Deploy.0 = Release|ARM
		{20D8F69E-2370-4D74-A269-CD87325272D3}.Release|iPhone.ActiveCfg = Release|x64
		{20D8F69E-2370-4D74-A269-CD87325272D3}.Release|iPhone.Build.0 = Release|x64
		{20D8F69E-2370-4D74-A269-CD87325272D3}.Release|iPhone.Deploy.0 = Release|x64
		{20D8F69E-2370-4D74-A269-CD87325272D3}.Release|iPhoneSimulator.ActiveCfg = Release|x64
		{20D8F69E-2370-4D74-A269-CD87325272D3}.Release|iPhoneSimulator.Build.0 = Release|x64
		{20D8F69E-2370-4D74-A269-CD87325272D3}.Release|iPhoneSimulator.Deploy.0 = Release|x64
		{20D8F69E-2370-4D74-A269-CD87325272D3}.Release|x64.ActiveCfg = Release|x64
		{20D8F69E-2370-4D74-A269-CD87325272D3}.Release|x64.Build.0 = Release|x64
		{20D8F69E-2370-4D74-A269-CD87325272D3}.Release|x64.Deploy.0 = Release|x64
		{20D8F69E-2370-4D74-A269-CD87325272D3}.Release|x86.ActiveCfg = Release|x86
		{20D8F69E-2370-4D74-A269-CD87325272D3}.Release|x86.Build.0 = Release|x86
		{20D8F69E-2370-4D74-A269-CD87325272D3}.Release|x86.Deploy.0 = Release|x86
		{68314370-98EC-44A4-A2CB-BD6C6997DFDF}.Debug|Any CPU.ActiveCfg = Debug|Any CPU
		{68314370-98EC-44A4-A2CB-BD6C6997DFDF}.Debug|Any CPU.Build.0 = Debug|Any CPU
		{68314370-98EC-44A4-A2CB-BD6C6997DFDF}.Debug|Any CPU.Deploy.0 = Debug|Any CPU
		{68314370-98EC-44A4-A2CB-BD6C6997DFDF}.Debug|ARM.ActiveCfg = Debug|Any CPU
		{68314370-98EC-44A4-A2CB-BD6C6997DFDF}.Debug|ARM.Build.0 = Debug|Any CPU
		{68314370-98EC-44A4-A2CB-BD6C6997DFDF}.Debug|ARM.Deploy.0 = Debug|Any CPU
		{68314370-98EC-44A4-A2CB-BD6C6997DFDF}.Debug|iPhone.ActiveCfg = Debug|Any CPU
		{68314370-98EC-44A4-A2CB-BD6C6997DFDF}.Debug|iPhone.Build.0 = Debug|Any CPU
		{68314370-98EC-44A4-A2CB-BD6C6997DFDF}.Debug|iPhone.Deploy.0 = Debug|Any CPU
		{68314370-98EC-44A4-A2CB-BD6C6997DFDF}.Debug|iPhoneSimulator.ActiveCfg = Debug|Any CPU
		{68314370-98EC-44A4-A2CB-BD6C6997DFDF}.Debug|iPhoneSimulator.Build.0 = Debug|Any CPU
		{68314370-98EC-44A4-A2CB-BD6C6997DFDF}.Debug|iPhoneSimulator.Deploy.0 = Debug|Any CPU
		{68314370-98EC-44A4-A2CB-BD6C6997DFDF}.Debug|x64.ActiveCfg = Debug|Any CPU
		{68314370-98EC-44A4-A2CB-BD6C6997DFDF}.Debug|x64.Build.0 = Debug|Any CPU
		{68314370-98EC-44A4-A2CB-BD6C6997DFDF}.Debug|x64.Deploy.0 = Debug|Any CPU
		{68314370-98EC-44A4-A2CB-BD6C6997DFDF}.Debug|x86.ActiveCfg = Debug|Any CPU
		{68314370-98EC-44A4-A2CB-BD6C6997DFDF}.Debug|x86.Build.0 = Debug|Any CPU
		{68314370-98EC-44A4-A2CB-BD6C6997DFDF}.Debug|x86.Deploy.0 = Debug|Any CPU
		{68314370-98EC-44A4-A2CB-BD6C6997DFDF}.Release|Any CPU.ActiveCfg = Release|Any CPU
		{68314370-98EC-44A4-A2CB-BD6C6997DFDF}.Release|Any CPU.Build.0 = Release|Any CPU
		{68314370-98EC-44A4-A2CB-BD6C6997DFDF}.Release|Any CPU.Deploy.0 = Release|Any CPU
		{68314370-98EC-44A4-A2CB-BD6C6997DFDF}.Release|ARM.ActiveCfg = Release|Any CPU
		{68314370-98EC-44A4-A2CB-BD6C6997DFDF}.Release|ARM.Build.0 = Release|Any CPU
		{68314370-98EC-44A4-A2CB-BD6C6997DFDF}.Release|ARM.Deploy.0 = Release|Any CPU
		{68314370-98EC-44A4-A2CB-BD6C6997DFDF}.Release|iPhone.ActiveCfg = Release|Any CPU
		{68314370-98EC-44A4-A2CB-BD6C6997DFDF}.Release|iPhone.Build.0 = Release|Any CPU
		{68314370-98EC-44A4-A2CB-BD6C6997DFDF}.Release|iPhone.Deploy.0 = Release|Any CPU
		{68314370-98EC-44A4-A2CB-BD6C6997DFDF}.Release|iPhoneSimulator.ActiveCfg = Release|Any CPU
		{68314370-98EC-44A4-A2CB-BD6C6997DFDF}.Release|iPhoneSimulator.Build.0 = Release|Any CPU
		{68314370-98EC-44A4-A2CB-BD6C6997DFDF}.Release|iPhoneSimulator.Deploy.0 = Release|Any CPU
		{68314370-98EC-44A4-A2CB-BD6C6997DFDF}.Release|x64.ActiveCfg = Release|Any CPU
		{68314370-98EC-44A4-A2CB-BD6C6997DFDF}.Release|x64.Build.0 = Release|Any CPU
		{68314370-98EC-44A4-A2CB-BD6C6997DFDF}.Release|x64.Deploy.0 = Release|Any CPU
		{68314370-98EC-44A4-A2CB-BD6C6997DFDF}.Release|x86.ActiveCfg = Release|Any CPU
		{68314370-98EC-44A4-A2CB-BD6C6997DFDF}.Release|x86.Build.0 = Release|Any CPU
		{68314370-98EC-44A4-A2CB-BD6C6997DFDF}.Release|x86.Deploy.0 = Release|Any CPU
		{A38DCFCD-A253-4CAA-BA13-05FF64EB4D24}.Debug|Any CPU.ActiveCfg = Debug|iPhoneSimulator
		{A38DCFCD-A253-4CAA-BA13-05FF64EB4D24}.Debug|Any CPU.Build.0 = Debug|iPhoneSimulator
		{A38DCFCD-A253-4CAA-BA13-05FF64EB4D24}.Debug|Any CPU.Deploy.0 = Debug|iPhoneSimulator
		{A38DCFCD-A253-4CAA-BA13-05FF64EB4D24}.Debug|ARM.ActiveCfg = Debug|iPhoneSimulator
		{A38DCFCD-A253-4CAA-BA13-05FF64EB4D24}.Debug|ARM.Build.0 = Debug|iPhoneSimulator
		{A38DCFCD-A253-4CAA-BA13-05FF64EB4D24}.Debug|ARM.Deploy.0 = Debug|iPhoneSimulator
		{A38DCFCD-A253-4CAA-BA13-05FF64EB4D24}.Debug|iPhone.ActiveCfg = Debug|iPhone
		{A38DCFCD-A253-4CAA-BA13-05FF64EB4D24}.Debug|iPhone.Build.0 = Debug|iPhone
		{A38DCFCD-A253-4CAA-BA13-05FF64EB4D24}.Debug|iPhone.Deploy.0 = Debug|iPhone
		{A38DCFCD-A253-4CAA-BA13-05FF64EB4D24}.Debug|iPhoneSimulator.ActiveCfg = Debug|iPhoneSimulator
		{A38DCFCD-A253-4CAA-BA13-05FF64EB4D24}.Debug|iPhoneSimulator.Build.0 = Debug|iPhoneSimulator
		{A38DCFCD-A253-4CAA-BA13-05FF64EB4D24}.Debug|iPhoneSimulator.Deploy.0 = Debug|iPhoneSimulator
		{A38DCFCD-A253-4CAA-BA13-05FF64EB4D24}.Debug|x64.ActiveCfg = Debug|iPhone
		{A38DCFCD-A253-4CAA-BA13-05FF64EB4D24}.Debug|x64.Build.0 = Debug|iPhone
		{A38DCFCD-A253-4CAA-BA13-05FF64EB4D24}.Debug|x64.Deploy.0 = Debug|iPhone
		{A38DCFCD-A253-4CAA-BA13-05FF64EB4D24}.Debug|x86.ActiveCfg = Debug|iPhoneSimulator
		{A38DCFCD-A253-4CAA-BA13-05FF64EB4D24}.Debug|x86.Build.0 = Debug|iPhoneSimulator
		{A38DCFCD-A253-4CAA-BA13-05FF64EB4D24}.Debug|x86.Deploy.0 = Debug|iPhoneSimulator
		{A38DCFCD-A253-4CAA-BA13-05FF64EB4D24}.Release|Any CPU.ActiveCfg = Release|iPhoneSimulator
		{A38DCFCD-A253-4CAA-BA13-05FF64EB4D24}.Release|Any CPU.Build.0 = Release|iPhoneSimulator
		{A38DCFCD-A253-4CAA-BA13-05FF64EB4D24}.Release|Any CPU.Deploy.0 = Release|iPhoneSimulator
		{A38DCFCD-A253-4CAA-BA13-05FF64EB4D24}.Release|ARM.ActiveCfg = Release|iPhoneSimulator
		{A38DCFCD-A253-4CAA-BA13-05FF64EB4D24}.Release|ARM.Build.0 = Release|iPhoneSimulator
		{A38DCFCD-A253-4CAA-BA13-05FF64EB4D24}.Release|ARM.Deploy.0 = Release|iPhoneSimulator
		{A38DCFCD-A253-4CAA-BA13-05FF64EB4D24}.Release|iPhone.ActiveCfg = Release|iPhone
		{A38DCFCD-A253-4CAA-BA13-05FF64EB4D24}.Release|iPhone.Build.0 = Release|iPhone
		{A38DCFCD-A253-4CAA-BA13-05FF64EB4D24}.Release|iPhone.Deploy.0 = Release|iPhone
		{A38DCFCD-A253-4CAA-BA13-05FF64EB4D24}.Release|iPhoneSimulator.ActiveCfg = Release|iPhoneSimulator
		{A38DCFCD-A253-4CAA-BA13-05FF64EB4D24}.Release|iPhoneSimulator.Build.0 = Release|iPhoneSimulator
		{A38DCFCD-A253-4CAA-BA13-05FF64EB4D24}.Release|iPhoneSimulator.Deploy.0 = Release|iPhoneSimulator
		{A38DCFCD-A253-4CAA-BA13-05FF64EB4D24}.Release|x64.ActiveCfg = Release|iPhoneSimulator
		{A38DCFCD-A253-4CAA-BA13-05FF64EB4D24}.Release|x64.Build.0 = Release|iPhoneSimulator
		{A38DCFCD-A253-4CAA-BA13-05FF64EB4D24}.Release|x64.Deploy.0 = Release|iPhoneSimulator
		{A38DCFCD-A253-4CAA-BA13-05FF64EB4D24}.Release|x86.ActiveCfg = Release|iPhoneSimulator
		{A38DCFCD-A253-4CAA-BA13-05FF64EB4D24}.Release|x86.Build.0 = Release|iPhoneSimulator
		{A38DCFCD-A253-4CAA-BA13-05FF64EB4D24}.Release|x86.Deploy.0 = Release|iPhoneSimulator
		{E7FF0D7C-B40A-495E-816F-810C483B415A}.Debug|Any CPU.ActiveCfg = Debug|Any CPU
		{E7FF0D7C-B40A-495E-816F-810C483B415A}.Debug|Any CPU.Build.0 = Debug|Any CPU
		{E7FF0D7C-B40A-495E-816F-810C483B415A}.Debug|Any CPU.Deploy.0 = Debug|Any CPU
		{E7FF0D7C-B40A-495E-816F-810C483B415A}.Debug|ARM.ActiveCfg = Debug|Any CPU
		{E7FF0D7C-B40A-495E-816F-810C483B415A}.Debug|ARM.Build.0 = Debug|Any CPU
		{E7FF0D7C-B40A-495E-816F-810C483B415A}.Debug|ARM.Deploy.0 = Debug|Any CPU
		{E7FF0D7C-B40A-495E-816F-810C483B415A}.Debug|iPhone.ActiveCfg = Debug|Any CPU
		{E7FF0D7C-B40A-495E-816F-810C483B415A}.Debug|iPhone.Build.0 = Debug|Any CPU
		{E7FF0D7C-B40A-495E-816F-810C483B415A}.Debug|iPhone.Deploy.0 = Debug|Any CPU
		{E7FF0D7C-B40A-495E-816F-810C483B415A}.Debug|iPhoneSimulator.ActiveCfg = Debug|Any CPU
		{E7FF0D7C-B40A-495E-816F-810C483B415A}.Debug|iPhoneSimulator.Build.0 = Debug|Any CPU
		{E7FF0D7C-B40A-495E-816F-810C483B415A}.Debug|iPhoneSimulator.Deploy.0 = Debug|Any CPU
		{E7FF0D7C-B40A-495E-816F-810C483B415A}.Debug|x64.ActiveCfg = Debug|Any CPU
		{E7FF0D7C-B40A-495E-816F-810C483B415A}.Debug|x64.Build.0 = Debug|Any CPU
		{E7FF0D7C-B40A-495E-816F-810C483B415A}.Debug|x64.Deploy.0 = Debug|Any CPU
		{E7FF0D7C-B40A-495E-816F-810C483B415A}.Debug|x86.ActiveCfg = Debug|Any CPU
		{E7FF0D7C-B40A-495E-816F-810C483B415A}.Debug|x86.Build.0 = Debug|Any CPU
		{E7FF0D7C-B40A-495E-816F-810C483B415A}.Debug|x86.Deploy.0 = Debug|Any CPU
		{E7FF0D7C-B40A-495E-816F-810C483B415A}.Release|Any CPU.ActiveCfg = Release|Any CPU
		{E7FF0D7C-B40A-495E-816F-810C483B415A}.Release|Any CPU.Build.0 = Release|Any CPU
		{E7FF0D7C-B40A-495E-816F-810C483B415A}.Release|Any CPU.Deploy.0 = Release|Any CPU
		{E7FF0D7C-B40A-495E-816F-810C483B415A}.Release|ARM.ActiveCfg = Release|Any CPU
		{E7FF0D7C-B40A-495E-816F-810C483B415A}.Release|ARM.Build.0 = Release|Any CPU
		{E7FF0D7C-B40A-495E-816F-810C483B415A}.Release|ARM.Deploy.0 = Release|Any CPU
		{E7FF0D7C-B40A-495E-816F-810C483B415A}.Release|iPhone.ActiveCfg = Release|Any CPU
		{E7FF0D7C-B40A-495E-816F-810C483B415A}.Release|iPhone.Build.0 = Release|Any CPU
		{E7FF0D7C-B40A-495E-816F-810C483B415A}.Release|iPhone.Deploy.0 = Release|Any CPU
		{E7FF0D7C-B40A-495E-816F-810C483B415A}.Release|iPhoneSimulator.ActiveCfg = Release|Any CPU
		{E7FF0D7C-B40A-495E-816F-810C483B415A}.Release|iPhoneSimulator.Build.0 = Release|Any CPU
		{E7FF0D7C-B40A-495E-816F-810C483B415A}.Release|iPhoneSimulator.Deploy.0 = Release|Any CPU
		{E7FF0D7C-B40A-495E-816F-810C483B415A}.Release|x64.ActiveCfg = Release|Any CPU
		{E7FF0D7C-B40A-495E-816F-810C483B415A}.Release|x64.Build.0 = Release|Any CPU
		{E7FF0D7C-B40A-495E-816F-810C483B415A}.Release|x64.Deploy.0 = Release|Any CPU
		{E7FF0D7C-B40A-495E-816F-810C483B415A}.Release|x86.ActiveCfg = Release|Any CPU
		{E7FF0D7C-B40A-495E-816F-810C483B415A}.Release|x86.Build.0 = Release|Any CPU
		{E7FF0D7C-B40A-495E-816F-810C483B415A}.Release|x86.Deploy.0 = Release|Any CPU
	EndGlobalSection
	GlobalSection(SolutionProperties) = preSolution
		HideSolutionNode = FALSE
	EndGlobalSection
	GlobalSection(ExtensibilityGlobals) = postSolution
		SolutionGuid = {C2D5F914-9FC5-427A-913C-12628F6BC9FF}
	EndGlobalSection
EndGlobal
